
Microsoft Visual Studio Solution File, Format Version 12.00
# Visual Studio 15
VisualStudioVersion = 15.0.27130.2024
MinimumVisualStudioVersion = 10.0.40219.1
Project("{FAE04EC0-301F-11D3-BF4B-00C04F79EFBC}") = "FloatingLabelTextEditor.Android", "FloatingLabelTextEditor\FloatingLabelTextEditor.Android\FloatingLabelTextEditor.Android.csproj", "{F11BE9C7-DD70-4FFA-865D-5FCCB541E532}"
EndProject
Project("{FAE04EC0-301F-11D3-BF4B-00C04F79EFBC}") = "FloatingLabelTextEditor.iOS", "FloatingLabelTextEditor\FloatingLabelTextEditor.iOS\FloatingLabelTextEditor.iOS.csproj", "{A834AB8D-1B99-4765-89E8-953507138DCF}"
EndProject
Project("{FAE04EC0-301F-11D3-BF4B-00C04F79EFBC}") = "FloatingLabelTextEditor.UWP", "FloatingLabelTextEditor\FloatingLabelTextEditor.UWP\FloatingLabelTextEditor.UWP.csproj", "{9607214F-D2E7-44DA-9C51-1FB3E6E1CA9E}"
EndProject
Project("{FAE04EC0-301F-11D3-BF4B-00C04F79EFBC}") = "FloatingLabelTextEditor", "FloatingLabelTextEditor\FloatingLabelTextEditor\FloatingLabelTextEditor.csproj", "{FCA412F7-CACF-4EA4-BE6A-7F0E03DDFCF3}"
EndProject
Global
	GlobalSection(SolutionConfigurationPlatforms) = preSolution
		Ad-Hoc|Any CPU = Ad-Hoc|Any CPU
		Ad-Hoc|ARM = Ad-Hoc|ARM
		Ad-Hoc|iPhone = Ad-Hoc|iPhone
		Ad-Hoc|iPhoneSimulator = Ad-Hoc|iPhoneSimulator
		Ad-Hoc|x64 = Ad-Hoc|x64
		Ad-Hoc|x86 = Ad-Hoc|x86
		AppStore|Any CPU = AppStore|Any CPU
		AppStore|ARM = AppStore|ARM
		AppStore|iPhone = AppStore|iPhone
		AppStore|iPhoneSimulator = AppStore|iPhoneSimulator
		AppStore|x64 = AppStore|x64
		AppStore|x86 = AppStore|x86
		Debug|Any CPU = Debug|Any CPU
		Debug|ARM = Debug|ARM
		Debug|iPhone = Debug|iPhone
		Debug|iPhoneSimulator = Debug|iPhoneSimulator
		Debug|x64 = Debug|x64
		Debug|x86 = Debug|x86
		Release|Any CPU = Release|Any CPU
		Release|ARM = Release|ARM
		Release|iPhone = Release|iPhone
		Release|iPhoneSimulator = Release|iPhoneSimulator
		Release|x64 = Release|x64
		Release|x86 = Release|x86
	EndGlobalSection
	GlobalSection(ProjectConfigurationPlatforms) = postSolution
		{F11BE9C7-DD70-4FFA-865D-5FCCB541E532}.Ad-Hoc|Any CPU.ActiveCfg = Release|Any CPU
		{F11BE9C7-DD70-4FFA-865D-5FCCB541E532}.Ad-Hoc|Any CPU.Build.0 = Release|Any CPU
		{F11BE9C7-DD70-4FFA-865D-5FCCB541E532}.Ad-Hoc|Any CPU.Deploy.0 = Release|Any CPU
		{F11BE9C7-DD70-4FFA-865D-5FCCB541E532}.Ad-Hoc|ARM.ActiveCfg = Release|Any CPU
		{F11BE9C7-DD70-4FFA-865D-5FCCB541E532}.Ad-Hoc|ARM.Build.0 = Release|Any CPU
		{F11BE9C7-DD70-4FFA-865D-5FCCB541E532}.Ad-Hoc|ARM.Deploy.0 = Release|Any CPU
		{F11BE9C7-DD70-4FFA-865D-5FCCB541E532}.Ad-Hoc|iPhone.ActiveCfg = Release|Any CPU
		{F11BE9C7-DD70-4FFA-865D-5FCCB541E532}.Ad-Hoc|iPhone.Build.0 = Release|Any CPU
		{F11BE9C7-DD70-4FFA-865D-5FCCB541E532}.Ad-Hoc|iPhone.Deploy.0 = Release|Any CPU
		{F11BE9C7-DD70-4FFA-865D-5FCCB541E532}.Ad-Hoc|iPhoneSimulator.ActiveCfg = Release|Any CPU
		{F11BE9C7-DD70-4FFA-865D-5FCCB541E532}.Ad-Hoc|iPhoneSimulator.Build.0 = Release|Any CPU
		{F11BE9C7-DD70-4FFA-865D-5FCCB541E532}.Ad-Hoc|iPhoneSimulator.Deploy.0 = Release|Any CPU
		{F11BE9C7-DD70-4FFA-865D-5FCCB541E532}.Ad-Hoc|x64.ActiveCfg = Release|Any CPU
		{F11BE9C7-DD70-4FFA-865D-5FCCB541E532}.Ad-Hoc|x64.Build.0 = Release|Any CPU
		{F11BE9C7-DD70-4FFA-865D-5FCCB541E532}.Ad-Hoc|x64.Deploy.0 = Release|Any CPU
		{F11BE9C7-DD70-4FFA-865D-5FCCB541E532}.Ad-Hoc|x86.ActiveCfg = Release|Any CPU
		{F11BE9C7-DD70-4FFA-865D-5FCCB541E532}.Ad-Hoc|x86.Build.0 = Release|Any CPU
		{F11BE9C7-DD70-4FFA-865D-5FCCB541E532}.Ad-Hoc|x86.Deploy.0 = Release|Any CPU
		{F11BE9C7-DD70-4FFA-865D-5FCCB541E532}.AppStore|Any CPU.ActiveCfg = Release|Any CPU
		{F11BE9C7-DD70-4FFA-865D-5FCCB541E532}.AppStore|Any CPU.Build.0 = Release|Any CPU
		{F11BE9C7-DD70-4FFA-865D-5FCCB541E532}.AppStore|Any CPU.Deploy.0 = Release|Any CPU
		{F11BE9C7-DD70-4FFA-865D-5FCCB541E532}.AppStore|ARM.ActiveCfg = Release|Any CPU
		{F11BE9C7-DD70-4FFA-865D-5FCCB541E532}.AppStore|ARM.Build.0 = Release|Any CPU
		{F11BE9C7-DD70-4FFA-865D-5FCCB541E532}.AppStore|ARM.Deploy.0 = Release|Any CPU
		{F11BE9C7-DD70-4FFA-865D-5FCCB541E532}.AppStore|iPhone.ActiveCfg = Release|Any CPU
		{F11BE9C7-DD70-4FFA-865D-5FCCB541E532}.AppStore|iPhone.Build.0 = Release|Any CPU
		{F11BE9C7-DD70-4FFA-865D-5FCCB541E532}.AppStore|iPhone.Deploy.0 = Release|Any CPU
		{F11BE9C7-DD70-4FFA-865D-5FCCB541E532}.AppStore|iPhoneSimulator.ActiveCfg = Release|Any CPU
		{F11BE9C7-DD70-4FFA-865D-5FCCB541E532}.AppStore|iPhoneSimulator.Build.0 = Release|Any CPU
		{F11BE9C7-DD70-4FFA-865D-5FCCB541E532}.AppStore|iPhoneSimulator.Deploy.0 = Release|Any CPU
		{F11BE9C7-DD70-4FFA-865D-5FCCB541E532}.AppStore|x64.ActiveCfg = Release|Any CPU
		{F11BE9C7-DD70-4FFA-865D-5FCCB541E532}.AppStore|x64.Build.0 = Release|Any CPU
		{F11BE9C7-DD70-4FFA-865D-5FCCB541E532}.AppStore|x64.Deploy.0 = Release|Any CPU
		{F11BE9C7-DD70-4FFA-865D-5FCCB541E532}.AppStore|x86.ActiveCfg = Release|Any CPU
		{F11BE9C7-DD70-4FFA-865D-5FCCB541E532}.AppStore|x86.Build.0 = Release|Any CPU
		{F11BE9C7-DD70-4FFA-865D-5FCCB541E532}.AppStore|x86.Deploy.0 = Release|Any CPU
		{F11BE9C7-DD70-4FFA-865D-5FCCB541E532}.Debug|Any CPU.ActiveCfg = Debug|Any CPU
		{F11BE9C7-DD70-4FFA-865D-5FCCB541E532}.Debug|Any CPU.Build.0 = Debug|Any CPU
		{F11BE9C7-DD70-4FFA-865D-5FCCB541E532}.Debug|Any CPU.Deploy.0 = Debug|Any CPU
		{F11BE9C7-DD70-4FFA-865D-5FCCB541E532}.Debug|ARM.ActiveCfg = Debug|Any CPU
		{F11BE9C7-DD70-4FFA-865D-5FCCB541E532}.Debug|ARM.Build.0 = Debug|Any CPU
		{F11BE9C7-DD70-4FFA-865D-5FCCB541E532}.Debug|ARM.Deploy.0 = Debug|Any CPU
		{F11BE9C7-DD70-4FFA-865D-5FCCB541E532}.Debug|iPhone.ActiveCfg = Debug|Any CPU
		{F11BE9C7-DD70-4FFA-865D-5FCCB541E532}.Debug|iPhone.Build.0 = Debug|Any CPU
		{F11BE9C7-DD70-4FFA-865D-5FCCB541E532}.Debug|iPhone.Deploy.0 = Debug|Any CPU
		{F11BE9C7-DD70-4FFA-865D-5FCCB541E532}.Debug|iPhoneSimulator.ActiveCfg = Debug|Any CPU
		{F11BE9C7-DD70-4FFA-865D-5FCCB541E532}.Debug|iPhoneSimulator.Build.0 = Debug|Any CPU
		{F11BE9C7-DD70-4FFA-865D-5FCCB541E532}.Debug|iPhoneSimulator.Deploy.0 = Debug|Any CPU
		{F11BE9C7-DD70-4FFA-865D-5FCCB541E532}.Debug|x64.ActiveCfg = Debug|Any CPU
		{F11BE9C7-DD70-4FFA-865D-5FCCB541E532}.Debug|x64.Build.0 = Debug|Any CPU
		{F11BE9C7-DD70-4FFA-865D-5FCCB541E532}.Debug|x64.Deploy.0 = Debug|Any CPU
		{F11BE9C7-DD70-4FFA-865D-5FCCB541E532}.Debug|x86.ActiveCfg = Debug|Any CPU
		{F11BE9C7-DD70-4FFA-865D-5FCCB541E532}.Debug|x86.Build.0 = Debug|Any CPU
		{F11BE9C7-DD70-4FFA-865D-5FCCB541E532}.Debug|x86.Deploy.0 = Debug|Any CPU
		{F11BE9C7-DD70-4FFA-865D-5FCCB541E532}.Release|Any CPU.ActiveCfg = Release|Any CPU
		{F11BE9C7-DD70-4FFA-865D-5FCCB541E532}.Release|Any CPU.Build.0 = Release|Any CPU
		{F11BE9C7-DD70-4FFA-865D-5FCCB541E532}.Release|Any CPU.Deploy.0 = Release|Any CPU
		{F11BE9C7-DD70-4FFA-865D-5FCCB541E532}.Release|ARM.ActiveCfg = Release|Any CPU
		{F11BE9C7-DD70-4FFA-865D-5FCCB541E532}.Release|ARM.Build.0 = Release|Any CPU
		{F11BE9C7-DD70-4FFA-865D-5FCCB541E532}.Release|ARM.Deploy.0 = Release|Any CPU
		{F11BE9C7-DD70-4FFA-865D-5FCCB541E532}.Release|iPhone.ActiveCfg = Release|Any CPU
		{F11BE9C7-DD70-4FFA-865D-5FCCB541E532}.Release|iPhone.Build.0 = Release|Any CPU
		{F11BE9C7-DD70-4FFA-865D-5FCCB541E532}.Release|iPhone.Deploy.0 = Release|Any CPU
		{F11BE9C7-DD70-4FFA-865D-5FCCB541E532}.Release|iPhoneSimulator.ActiveCfg = Release|Any CPU
		{F11BE9C7-DD70-4FFA-865D-5FCCB541E532}.Release|iPhoneSimulator.Build.0 = Release|Any CPU
		{F11BE9C7-DD70-4FFA-865D-5FCCB541E532}.Release|iPhoneSimulator.Deploy.0 = Release|Any CPU
		{F11BE9C7-DD70-4FFA-865D-5FCCB541E532}.Release|x64.ActiveCfg = Release|Any CPU
		{F11BE9C7-DD70-4FFA-865D-5FCCB541E532}.Release|x64.Build.0 = Release|Any CPU
		{F11BE9C7-DD70-4FFA-865D-5FCCB541E532}.Release|x64.Deploy.0 = Release|Any CPU
		{F11BE9C7-DD70-4FFA-865D-5FCCB541E532}.Release|x86.ActiveCfg = Release|Any CPU
		{F11BE9C7-DD70-4FFA-865D-5FCCB541E532}.Release|x86.Build.0 = Release|Any CPU
		{F11BE9C7-DD70-4FFA-865D-5FCCB541E532}.Release|x86.Deploy.0 = Release|Any CPU
		{A834AB8D-1B99-4765-89E8-953507138DCF}.Ad-Hoc|Any CPU.ActiveCfg = Ad-Hoc|iPhone
		{A834AB8D-1B99-4765-89E8-953507138DCF}.Ad-Hoc|ARM.ActiveCfg = Ad-Hoc|iPhone
		{A834AB8D-1B99-4765-89E8-953507138DCF}.Ad-Hoc|iPhone.ActiveCfg = Ad-Hoc|iPhone
		{A834AB8D-1B99-4765-89E8-953507138DCF}.Ad-Hoc|iPhone.Build.0 = Ad-Hoc|iPhone
		{A834AB8D-1B99-4765-89E8-953507138DCF}.Ad-Hoc|iPhoneSimulator.ActiveCfg = Ad-Hoc|iPhoneSimulator
		{A834AB8D-1B99-4765-89E8-953507138DCF}.Ad-Hoc|iPhoneSimulator.Build.0 = Ad-Hoc|iPhoneSimulator
		{A834AB8D-1B99-4765-89E8-953507138DCF}.Ad-Hoc|x64.ActiveCfg = Ad-Hoc|iPhone
		{A834AB8D-1B99-4765-89E8-953507138DCF}.Ad-Hoc|x86.ActiveCfg = Ad-Hoc|iPhone
		{A834AB8D-1B99-4765-89E8-953507138DCF}.AppStore|Any CPU.ActiveCfg = AppStore|iPhone
		{A834AB8D-1B99-4765-89E8-953507138DCF}.AppStore|ARM.ActiveCfg = AppStore|iPhone
		{A834AB8D-1B99-4765-89E8-953507138DCF}.AppStore|iPhone.ActiveCfg = AppStore|iPhone
		{A834AB8D-1B99-4765-89E8-953507138DCF}.AppStore|iPhone.Build.0 = AppStore|iPhone
		{A834AB8D-1B99-4765-89E8-953507138DCF}.AppStore|iPhoneSimulator.ActiveCfg = AppStore|iPhoneSimulator
		{A834AB8D-1B99-4765-89E8-953507138DCF}.AppStore|iPhoneSimulator.Build.0 = AppStore|iPhoneSimulator
		{A834AB8D-1B99-4765-89E8-953507138DCF}.AppStore|x64.ActiveCfg = AppStore|iPhone
		{A834AB8D-1B99-4765-89E8-953507138DCF}.AppStore|x86.ActiveCfg = AppStore|iPhone
		{A834AB8D-1B99-4765-89E8-953507138DCF}.Debug|Any CPU.ActiveCfg = Debug|iPhone
		{A834AB8D-1B99-4765-89E8-953507138DCF}.Debug|ARM.ActiveCfg = Debug|iPhone
		{A834AB8D-1B99-4765-89E8-953507138DCF}.Debug|iPhone.ActiveCfg = Debug|iPhone
		{A834AB8D-1B99-4765-89E8-953507138DCF}.Debug|iPhone.Build.0 = Debug|iPhone
		{A834AB8D-1B99-4765-89E8-953507138DCF}.Debug|iPhoneSimulator.ActiveCfg = Debug|iPhoneSimulator
		{A834AB8D-1B99-4765-89E8-953507138DCF}.Debug|iPhoneSimulator.Build.0 = Debug|iPhoneSimulator
		{A834AB8D-1B99-4765-89E8-953507138DCF}.Debug|x64.ActiveCfg = Debug|iPhone
		{A834AB8D-1B99-4765-89E8-953507138DCF}.Debug|x86.ActiveCfg = Debug|iPhone
		{A834AB8D-1B99-4765-89E8-953507138DCF}.Release|Any CPU.ActiveCfg = Release|iPhone
		{A834AB8D-1B99-4765-89E8-953507138DCF}.Release|ARM.ActiveCfg = Release|iPhone
		{A834AB8D-1B99-4765-89E8-953507138DCF}.Release|iPhone.ActiveCfg = Release|iPhone
		{A834AB8D-1B99-4765-89E8-953507138DCF}.Release|iPhone.Build.0 = Release|iPhone
		{A834AB8D-1B99-4765-89E8-953507138DCF}.Release|iPhoneSimulator.ActiveCfg = Release|iPhoneSimulator
		{A834AB8D-1B99-4765-89E8-953507138DCF}.Release|iPhoneSimulator.Build.0 = Release|iPhoneSimulator
		{A834AB8D-1B99-4765-89E8-953507138DCF}.Release|x64.ActiveCfg = Release|iPhone
		{A834AB8D-1B99-4765-89E8-953507138DCF}.Release|x86.ActiveCfg = Release|iPhone
		{9607214F-D2E7-44DA-9C51-1FB3E6E1CA9E}.Ad-Hoc|Any CPU.ActiveCfg = Release|x86
		{9607214F-D2E7-44DA-9C51-1FB3E6E1CA9E}.Ad-Hoc|Any CPU.Build.0 = Release|x86
		{9607214F-D2E7-44DA-9C51-1FB3E6E1CA9E}.Ad-Hoc|Any CPU.Deploy.0 = Release|x86
		{9607214F-D2E7-44DA-9C51-1FB3E6E1CA9E}.Ad-Hoc|ARM.ActiveCfg = Release|ARM
		{9607214F-D2E7-44DA-9C51-1FB3E6E1CA9E}.Ad-Hoc|ARM.Build.0 = Release|ARM
		{9607214F-D2E7-44DA-9C51-1FB3E6E1CA9E}.Ad-Hoc|ARM.Deploy.0 = Release|ARM
		{9607214F-D2E7-44DA-9C51-1FB3E6E1CA9E}.Ad-Hoc|iPhone.ActiveCfg = Release|x86
		{9607214F-D2E7-44DA-9C51-1FB3E6E1CA9E}.Ad-Hoc|iPhone.Build.0 = Release|x86
		{9607214F-D2E7-44DA-9C51-1FB3E6E1CA9E}.Ad-Hoc|iPhone.Deploy.0 = Release|x86
		{9607214F-D2E7-44DA-9C51-1FB3E6E1CA9E}.Ad-Hoc|iPhoneSimulator.ActiveCfg = Release|x86
		{9607214F-D2E7-44DA-9C51-1FB3E6E1CA9E}.Ad-Hoc|iPhoneSimulator.Build.0 = Release|x86
		{9607214F-D2E7-44DA-9C51-1FB3E6E1CA9E}.Ad-Hoc|iPhoneSimulator.Deploy.0 = Release|x86
		{9607214F-D2E7-44DA-9C51-1FB3E6E1CA9E}.Ad-Hoc|x64.ActiveCfg = Release|x64
		{9607214F-D2E7-44DA-9C51-1FB3E6E1CA9E}.Ad-Hoc|x64.Build.0 = Release|x64
		{9607214F-D2E7-44DA-9C51-1FB3E6E1CA9E}.Ad-Hoc|x64.Deploy.0 = Release|x64
		{9607214F-D2E7-44DA-9C51-1FB3E6E1CA9E}.Ad-Hoc|x86.ActiveCfg = Release|x86
		{9607214F-D2E7-44DA-9C51-1FB3E6E1CA9E}.Ad-Hoc|x86.Build.0 = Release|x86
		{9607214F-D2E7-44DA-9C51-1FB3E6E1CA9E}.Ad-Hoc|x86.Deploy.0 = Release|x86
		{9607214F-D2E7-44DA-9C51-1FB3E6E1CA9E}.AppStore|Any CPU.ActiveCfg = Release|x86
		{9607214F-D2E7-44DA-9C51-1FB3E6E1CA9E}.AppStore|Any CPU.Build.0 = Release|x86
		{9607214F-D2E7-44DA-9C51-1FB3E6E1CA9E}.AppStore|Any CPU.Deploy.0 = Release|x86
		{9607214F-D2E7-44DA-9C51-1FB3E6E1CA9E}.AppStore|ARM.ActiveCfg = Release|ARM
		{9607214F-D2E7-44DA-9C51-1FB3E6E1CA9E}.AppStore|ARM.Build.0 = Release|ARM
		{9607214F-D2E7-44DA-9C51-1FB3E6E1CA9E}.AppStore|ARM.Deploy.0 = Release|ARM
		{9607214F-D2E7-44DA-9C51-1FB3E6E1CA9E}.AppStore|iPhone.ActiveCfg = Release|x86
		{9607214F-D2E7-44DA-9C51-1FB3E6E1CA9E}.AppStore|iPhone.Build.0 = Release|x86
		{9607214F-D2E7-44DA-9C51-1FB3E6E1CA9E}.AppStore|iPhone.Deploy.0 = Release|x86
		{9607214F-D2E7-44DA-9C51-1FB3E6E1CA9E}.AppStore|iPhoneSimulator.ActiveCfg = Release|x86
		{9607214F-D2E7-44DA-9C51-1FB3E6E1CA9E}.AppStore|iPhoneSimulator.Build.0 = Release|x86
		{9607214F-D2E7-44DA-9C51-1FB3E6E1CA9E}.AppStore|iPhoneSimulator.Deploy.0 = Release|x86
		{9607214F-D2E7-44DA-9C51-1FB3E6E1CA9E}.AppStore|x64.ActiveCfg = Release|x64
		{9607214F-D2E7-44DA-9C51-1FB3E6E1CA9E}.AppStore|x64.Build.0 = Release|x64
		{9607214F-D2E7-44DA-9C51-1FB3E6E1CA9E}.AppStore|x64.Deploy.0 = Release|x64
		{9607214F-D2E7-44DA-9C51-1FB3E6E1CA9E}.AppStore|x86.ActiveCfg = Release|x86
		{9607214F-D2E7-44DA-9C51-1FB3E6E1CA9E}.AppStore|x86.Build.0 = Release|x86
		{9607214F-D2E7-44DA-9C51-1FB3E6E1CA9E}.AppStore|x86.Deploy.0 = Release|x86
		{9607214F-D2E7-44DA-9C51-1FB3E6E1CA9E}.Debug|Any CPU.ActiveCfg = Debug|x86
		{9607214F-D2E7-44DA-9C51-1FB3E6E1CA9E}.Debug|ARM.ActiveCfg = Debug|ARM
		{9607214F-D2E7-44DA-9C51-1FB3E6E1CA9E}.Debug|ARM.Build.0 = Debug|ARM
		{9607214F-D2E7-44DA-9C51-1FB3E6E1CA9E}.Debug|ARM.Deploy.0 = Debug|ARM
		{9607214F-D2E7-44DA-9C51-1FB3E6E1CA9E}.Debug|iPhone.ActiveCfg = Debug|x86
		{9607214F-D2E7-44DA-9C51-1FB3E6E1CA9E}.Debug|iPhoneSimulator.ActiveCfg = Debug|x86
		{9607214F-D2E7-44DA-9C51-1FB3E6E1CA9E}.Debug|x64.ActiveCfg = Debug|x64
		{9607214F-D2E7-44DA-9C51-1FB3E6E1CA9E}.Debug|x64.Build.0 = Debug|x64
		{9607214F-D2E7-44DA-9C51-1FB3E6E1CA9E}.Debug|x64.Deploy.0 = Debug|x64
		{9607214F-D2E7-44DA-9C51-1FB3E6E1CA9E}.Debug|x86.ActiveCfg = Debug|x86
		{9607214F-D2E7-44DA-9C51-1FB3E6E1CA9E}.Debug|x86.Build.0 = Debug|x86
		{9607214F-D2E7-44DA-9C51-1FB3E6E1CA9E}.Debug|x86.Deploy.0 = Debug|x86
		{9607214F-D2E7-44DA-9C51-1FB3E6E1CA9E}.Release|Any CPU.ActiveCfg = Release|x86
		{9607214F-D2E7-44DA-9C51-1FB3E6E1CA9E}.Release|ARM.ActiveCfg = Release|ARM
		{9607214F-D2E7-44DA-9C51-1FB3E6E1CA9E}.Release|ARM.Build.0 = Release|ARM
		{9607214F-D2E7-44DA-9C51-1FB3E6E1CA9E}.Release|ARM.Deploy.0 = Release|ARM
		{9607214F-D2E7-44DA-9C51-1FB3E6E1CA9E}.Release|iPhone.ActiveCfg = Release|x86
		{9607214F-D2E7-44DA-9C51-1FB3E6E1CA9E}.Release|iPhoneSimulator.ActiveCfg = Release|x86
		{9607214F-D2E7-44DA-9C51-1FB3E6E1CA9E}.Release|x64.ActiveCfg = Release|x64
		{9607214F-D2E7-44DA-9C51-1FB3E6E1CA9E}.Release|x64.Build.0 = Release|x64
		{9607214F-D2E7-44DA-9C51-1FB3E6E1CA9E}.Release|x64.Deploy.0 = Release|x64
		{9607214F-D2E7-44DA-9C51-1FB3E6E1CA9E}.Release|x86.ActiveCfg = Release|x86
		{9607214F-D2E7-44DA-9C51-1FB3E6E1CA9E}.Release|x86.Build.0 = Release|x86
		{9607214F-D2E7-44DA-9C51-1FB3E6E1CA9E}.Release|x86.Deploy.0 = Release|x86
		{FCA412F7-CACF-4EA4-BE6A-7F0E03DDFCF3}.Ad-Hoc|Any CPU.ActiveCfg = Debug|Any CPU
		{FCA412F7-CACF-4EA4-BE6A-7F0E03DDFCF3}.Ad-Hoc|Any CPU.Build.0 = Debug|Any CPU
		{FCA412F7-CACF-4EA4-BE6A-7F0E03DDFCF3}.Ad-Hoc|ARM.ActiveCfg = Debug|Any CPU
		{FCA412F7-CACF-4EA4-BE6A-7F0E03DDFCF3}.Ad-Hoc|ARM.Build.0 = Debug|Any CPU
		{FCA412F7-CACF-4EA4-BE6A-7F0E03DDFCF3}.Ad-Hoc|iPhone.ActiveCfg = Debug|Any CPU
		{FCA412F7-CACF-4EA4-BE6A-7F0E03DDFCF3}.Ad-Hoc|iPhone.Build.0 = Debug|Any CPU
		{FCA412F7-CACF-4EA4-BE6A-7F0E03DDFCF3}.Ad-Hoc|iPhoneSimulator.ActiveCfg = Debug|Any CPU
		{FCA412F7-CACF-4EA4-BE6A-7F0E03DDFCF3}.Ad-Hoc|iPhoneSimulator.Build.0 = Debug|Any CPU
		{FCA412F7-CACF-4EA4-BE6A-7F0E03DDFCF3}.Ad-Hoc|x64.ActiveCfg = Debug|Any CPU
		{FCA412F7-CACF-4EA4-BE6A-7F0E03DDFCF3}.Ad-Hoc|x64.Build.0 = Debug|Any CPU
		{FCA412F7-CACF-4EA4-BE6A-7F0E03DDFCF3}.Ad-Hoc|x86.ActiveCfg = Debug|Any CPU
		{FCA412F7-CACF-4EA4-BE6A-7F0E03DDFCF3}.Ad-Hoc|x86.Build.0 = Debug|Any CPU
		{FCA412F7-CACF-4EA4-BE6A-7F0E03DDFCF3}.AppStore|Any CPU.ActiveCfg = Debug|Any CPU
		{FCA412F7-CACF-4EA4-BE6A-7F0E03DDFCF3}.AppStore|Any CPU.Build.0 = Debug|Any CPU
		{FCA412F7-CACF-4EA4-BE6A-7F0E03DDFCF3}.AppStore|ARM.ActiveCfg = Debug|Any CPU
		{FCA412F7-CACF-4EA4-BE6A-7F0E03DDFCF3}.AppStore|ARM.Build.0 = Debug|Any CPU
		{FCA412F7-CACF-4EA4-BE6A-7F0E03DDFCF3}.AppStore|iPhone.ActiveCfg = Debug|Any CPU
		{FCA412F7-CACF-4EA4-BE6A-7F0E03DDFCF3}.AppStore|iPhone.Build.0 = Debug|Any CPU
		{FCA412F7-CACF-4EA4-BE6A-7F0E03DDFCF3}.AppStore|iPhoneSimulator.ActiveCfg = Debug|Any CPU
		{FCA412F7-CACF-4EA4-BE6A-7F0E03DDFCF3}.AppStore|iPhoneSimulator.Build.0 = Debug|Any CPU
		{FCA412F7-CACF-4EA4-BE6A-7F0E03DDFCF3}.AppStore|x64.ActiveCfg = Debug|Any CPU
		{FCA412F7-CACF-4EA4-BE6A-7F0E03DDFCF3}.AppStore|x64.Build.0 = Debug|Any CPU
		{FCA412F7-CACF-4EA4-BE6A-7F0E03DDFCF3}.AppStore|x86.ActiveCfg = Debug|Any CPU
		{FCA412F7-CACF-4EA4-BE6A-7F0E03DDFCF3}.AppStore|x86.Build.0 = Debug|Any CPU
		{FCA412F7-CACF-4EA4-BE6A-7F0E03DDFCF3}.Debug|Any CPU.ActiveCfg = Debug|Any CPU
		{FCA412F7-CACF-4EA4-BE6A-7F0E03DDFCF3}.Debug|Any CPU.Build.0 = Debug|Any CPU
		{FCA412F7-CACF-4EA4-BE6A-7F0E03DDFCF3}.Debug|ARM.ActiveCfg = Debug|Any CPU
		{FCA412F7-CACF-4EA4-BE6A-7F0E03DDFCF3}.Debug|ARM.Build.0 = Debug|Any CPU
		{FCA412F7-CACF-4EA4-BE6A-7F0E03DDFCF3}.Debug|iPhone.ActiveCfg = Debug|Any CPU
		{FCA412F7-CACF-4EA4-BE6A-7F0E03DDFCF3}.Debug|iPhone.Build.0 = Debug|Any CPU
		{FCA412F7-CACF-4EA4-BE6A-7F0E03DDFCF3}.Debug|iPhoneSimulator.ActiveCfg = Debug|Any CPU
		{FCA412F7-CACF-4EA4-BE6A-7F0E03DDFCF3}.Debug|iPhoneSimulator.Build.0 = Debug|Any CPU
		{FCA412F7-CACF-4EA4-BE6A-7F0E03DDFCF3}.Debug|x64.ActiveCfg = Debug|Any CPU
		{FCA412F7-CACF-4EA4-BE6A-7F0E03DDFCF3}.Debug|x64.Build.0 = Debug|Any CPU
		{FCA412F7-CACF-4EA4-BE6A-7F0E03DDFCF3}.Debug|x86.ActiveCfg = Debug|Any CPU
		{FCA412F7-CACF-4EA4-BE6A-7F0E03DDFCF3}.Debug|x86.Build.0 = Debug|Any CPU
		{FCA412F7-CACF-4EA4-BE6A-7F0E03DDFCF3}.Release|Any CPU.ActiveCfg = Release|Any CPU
		{FCA412F7-CACF-4EA4-BE6A-7F0E03DDFCF3}.Release|Any CPU.Build.0 = Release|Any CPU
		{FCA412F7-CACF-4EA4-BE6A-7F0E03DDFCF3}.Release|ARM.ActiveCfg = Release|Any CPU
		{FCA412F7-CACF-4EA4-BE6A-7F0E03DDFCF3}.Release|ARM.Build.0 = Release|Any CPU
		{FCA412F7-CACF-4EA4-BE6A-7F0E03DDFCF3}.Release|iPhone.ActiveCfg = Release|Any CPU
		{FCA412F7-CACF-4EA4-BE6A-7F0E03DDFCF3}.Release|iPhone.Build.0 = Release|Any CPU
		{FCA412F7-CACF-4EA4-BE6A-7F0E03DDFCF3}.Release|iPhoneSimulator.ActiveCfg = Release|Any CPU
		{FCA412F7-CACF-4EA4-BE6A-7F0E03DDFCF3}.Release|iPhoneSimulator.Build.0 = Release|Any CPU
		{FCA412F7-CACF-4EA4-BE6A-7F0E03DDFCF3}.Release|x64.ActiveCfg = Release|Any CPU
		{FCA412F7-CACF-4EA4-BE6A-7F0E03DDFCF3}.Release|x64.Build.0 = Release|Any CPU
		{FCA412F7-CACF-4EA4-BE6A-7F0E03DDFCF3}.Release|x86.ActiveCfg = Release|Any CPU
		{FCA412F7-CACF-4EA4-BE6A-7F0E03DDFCF3}.Release|x86.Build.0 = Release|Any CPU
	EndGlobalSection
	GlobalSection(SolutionProperties) = preSolution
		HideSolutionNode = FALSE
	EndGlobalSection
	GlobalSection(ExtensibilityGlobals) = postSolution
		SolutionGuid = {D08F4F7D-4AEF-4D0C-8734-4BD7ED54DEBD}
	EndGlobalSection
EndGlobal
